
Microsoft Visual Studio Solution File, Format Version 12.00
# Visual Studio Version 17
VisualStudioVersion = 17.0.31903.59
MinimumVisualStudioVersion = 10.0.40219.1
Project("{FAE04EC0-301F-11D3-BF4B-00C04F79EFBC}") = "NewsPortalMVC", "NewsPortalMVC\NewsPortalMVC.csproj", "{37F53ECF-D9FE-4D15-B172-80CD440B1588}"
EndProject
Project("{FAE04EC0-301F-11D3-BF4B-00C04F79EFBC}") = "FeedbackAPI", "FeedbackAPI\FeedbackAPI.csproj", "{4A1FE379-703B-4E68-9C3F-185093481352}"
EndProject
Project("{FAE04EC0-301F-11D3-BF4B-00C04F79EFBC}") = "NewsPortal.Shared", "NewsPortal.Shared\NewsPortal.Shared.csproj", "{A014A04D-DFB2-4A59-8254-0C5DCAF1C09B}"
EndProject
Global
	GlobalSection(SolutionConfigurationPlatforms) = preSolution
		Debug|Any CPU = Debug|Any CPU
		Release|Any CPU = Release|Any CPU
	EndGlobalSection
	GlobalSection(SolutionProperties) = preSolution
		HideSolutionNode = FALSE
	EndGlobalSection
	GlobalSection(ProjectConfigurationPlatforms) = postSolution
		{37F53ECF-D9FE-4D15-B172-80CD440B1588}.Debug|Any CPU.ActiveCfg = Debug|Any CPU
		{37F53ECF-D9FE-4D15-B172-80CD440B1588}.Debug|Any CPU.Build.0 = Debug|Any CPU
		{37F53ECF-D9FE-4D15-B172-80CD440B1588}.Release|Any CPU.ActiveCfg = Release|Any CPU
		{37F53ECF-D9FE-4D15-B172-80CD440B1588}.Release|Any CPU.Build.0 = Release|Any CPU
		{4A1FE379-703B-4E68-9C3F-185093481352}.Debug|Any CPU.ActiveCfg = Debug|Any CPU
		{4A1FE379-703B-4E68-9C3F-185093481352}.Debug|Any CPU.Build.0 = Debug|Any CPU
		{4A1FE379-703B-4E68-9C3F-185093481352}.Release|Any CPU.ActiveCfg = Release|Any CPU
		{4A1FE379-703B-4E68-9C3F-185093481352}.Release|Any CPU.Build.0 = Release|Any CPU
		{A014A04D-DFB2-4A59-8254-0C5DCAF1C09B}.Debug|Any CPU.ActiveCfg = Debug|Any CPU
		{A014A04D-DFB2-4A59-8254-0C5DCAF1C09B}.Debug|Any CPU.Build.0 = Debug|Any CPU
		{A014A04D-DFB2-4A59-8254-0C5DCAF1C09B}.Release|Any CPU.ActiveCfg = Release|Any CPU
		{A014A04D-DFB2-4A59-8254-0C5DCAF1C09B}.Release|Any CPU.Build.0 = Release|Any CPU
	EndGlobalSection
EndGlobal
